
Microsoft Visual Studio Solution File, Format Version 12.00
# Visual Studio Version 16
VisualStudioVersion = 16.0.30907.101
MinimumVisualStudioVersion = 10.0.40219.1
Project("{FAE04EC0-301F-11D3-BF4B-00C04F79EFBC}") = "AndroidAppSummator", "AndroidAppSummator.csproj", "{70E68E94-4B32-4C2E-AF71-D395F44C2901}"
EndProject
Global
	GlobalSection(SolutionConfigurationPlatforms) = preSolution
		Debug|Any CPU = Debug|Any CPU
		Release|Any CPU = Release|Any CPU
	EndGlobalSection
	GlobalSection(ProjectConfigurationPlatforms) = postSolution
		{70E68E94-4B32-4C2E-AF71-D395F44C2901}.Debug|Any CPU.ActiveCfg = Debug|Any CPU
		{70E68E94-4B32-4C2E-AF71-D395F44C2901}.Debug|Any CPU.Build.0 = Debug|Any CPU
		{70E68E94-4B32-4C2E-AF71-D395F44C2901}.Debug|Any CPU.Deploy.0 = Debug|Any CPU
		{70E68E94-4B32-4C2E-AF71-D395F44C2901}.Release|Any CPU.ActiveCfg = Release|Any CPU
		{70E68E94-4B32-4C2E-AF71-D395F44C2901}.Release|Any CPU.Build.0 = Release|Any CPU
		{70E68E94-4B32-4C2E-AF71-D395F44C2901}.Release|Any CPU.Deploy.0 = Release|Any CPU
	EndGlobalSection
	GlobalSection(SolutionProperties) = preSolution
		HideSolutionNode = FALSE
	EndGlobalSection
	GlobalSection(ExtensibilityGlobals) = postSolution
		SolutionGuid = {DF5E464C-2B37-475A-AB70-9EF0F46C9664}
	EndGlobalSection
EndGlobal
